{
  "name": "example",
  "version": "1.0.0",
  "lockfileVersion": 1,
  "requires": true,
  "dependencies": {
    "command-path": {
      "version": "1.0.0",
      "resolved": "https://registry.npmjs.org/command-path/-/command-path-1.0.0.tgz",
      "integrity": "sha512-/Aoc8TbEFJ2XgMo7o7bE/dohZOYAnjiWVxwFcXPWdH8KfA45ofXaTYxj/WKZvcR4W05TafCrpl7bFa80LOGo7Q==",
      "dev": true,
      "requires": {
        "npm-which": "^3.0.1"
      }
    },
    "commander": {
      "version": "2.20.3",
      "resolved": "https://registry.npmjs.org/commander/-/commander-2.20.3.tgz",
      "integrity": "sha512-GpVkmM8vF2vQUkj2LvZmD35JxeJOLCwJ9cUkugyk2nuhbv3+mJvpLYYt+0+USMxE+oj+ey/lJEnhZw75x/OMcQ==",
      "dev": true
    },
    "isexe": {
      "version": "2.0.0",
      "resolved": "https://registry.npmjs.org/isexe/-/isexe-2.0.0.tgz",
      "integrity": "sha1-6PvzdNxVb/iUehDcsFctYz8s+hA=",
      "dev": true
    },
    "npm-path": {
      "version": "2.0.4",
      "resolved": "https://registry.npmjs.org/npm-path/-/npm-path-2.0.4.tgz",
      "integrity": "sha512-IFsj0R9C7ZdR5cP+ET342q77uSRdtWOlWpih5eC+lu29tIDbNEgDbzgVJ5UFvYHWhxDZ5TFkJafFioO0pPQjCw==",
      "dev": true,
      "requires": {
        "which": "^1.2.10"
      }
    },
    "npm-which": {
      "version": "3.0.1",
      "resolved": "https://registry.npmjs.org/npm-which/-/npm-which-3.0.1.tgz",
      "integrity": "sha1-kiXybsOihcIJyuZ8OxGmtKtxQKo=",
      "dev": true,
      "requires": {
        "commander": "^2.9.0",
        "npm-path": "^2.0.2",
        "which": "^1.2.10"
      }
    },
    "real-spawn": {
      "version": "1.0.3",
      "resolved": "https://registry.npmjs.org/real-spawn/-/real-spawn-1.0.3.tgz",
      "integrity": "sha512-TR9TuAmp6RIaOVsbZsda6dEFU1TfBDAo2eAcsioDdeX0MoVeR+aNA73L8EpcposszWyCZhx5+GbhipV8qGg9pA==",
      "dev": true
    },
    "script-command": {
      "version": "file:..",
      "dev": true,
      "requires": {
        "command-path": "^1.0.1"
      }
    },
    "typescript": {
      "version": "3.7.3",
      "resolved": "https://registry.npmjs.org/typescript/-/typescript-3.7.3.tgz",
      "integrity": "sha512-Mcr/Qk7hXqFBXMN7p7Lusj1ktCBydylfQM/FZCk5glCNQJrCUKPkMHdo9R0MTFWsC/4kPFvDS0fDPvukfCkFsw==",
      "dev": true
    },
    "which": {
      "version": "1.3.1",
      "resolved": "https://registry.npmjs.org/which/-/which-1.3.1.tgz",
      "integrity": "sha512-HxJdYWq1MTIQbJ3nw0cqssHoTNU267KlrDuGZ1WYlxDStUtKUhOaJmh112/TZmHxxUfuJqPXSOm7tDyas0OSIQ==",
      "dev": true,
      "requires": {
        "isexe": "^2.0.0"
      }
    }
  }
}
